// !$*UTF8*$!
{
	archiveVersion = 1;
	classes = {
	};
	objectVersion = 50;
	objects = {

/* Begin PBXBuildFile section */
		1B54D3A6217FFFC100A8168A /* AppDelegate.swift in Sources */ = {isa = PBXBuildFile; fileRef = 1B54D3A5217FFFC100A8168A /* AppDelegate.swift */; };
		1B54D3A8217FFFC100A8168A /* DadJokeViewController.swift in Sources */ = {isa = PBXBuildFile; fileRef = 1B54D3A7217FFFC100A8168A /* DadJokeViewController.swift */; };
		1B54D3AB217FFFC100A8168A /* Main.storyboard in Resources */ = {isa = PBXBuildFile; fileRef = 1B54D3A9217FFFC100A8168A /* Main.storyboard */; };
		1B54D3AD217FFFC300A8168A /* Assets.xcassets in Resources */ = {isa = PBXBuildFile; fileRef = 1B54D3AC217FFFC300A8168A /* Assets.xcassets */; };
		1B54D3B0217FFFC300A8168A /* LaunchScreen.storyboard in Resources */ = {isa = PBXBuildFile; fileRef = 1B54D3AE217FFFC300A8168A /* LaunchScreen.storyboard */; };
		1B54D3BB217FFFC300A8168A /* ikidTests.swift in Sources */ = {isa = PBXBuildFile; fileRef = 1B54D3BA217FFFC300A8168A /* ikidTests.swift */; };
		1B54D3C6217FFFC300A8168A /* ikidUITests.swift in Sources */ = {isa = PBXBuildFile; fileRef = 1B54D3C5217FFFC300A8168A /* ikidUITests.swift */; };
		1B54D4102180016900A8168A /* PunJokeViewController.swift in Sources */ = {isa = PBXBuildFile; fileRef = 1B54D40F2180016900A8168A /* PunJokeViewController.swift */; };
		1B54D4122180017A00A8168A /* GoodJokeViewController.swift in Sources */ = {isa = PBXBuildFile; fileRef = 1B54D4112180017A00A8168A /* GoodJokeViewController.swift */; };
		1B54D4142180018900A8168A /* KnockKnockViewController.swift in Sources */ = {isa = PBXBuildFile; fileRef = 1B54D4132180018900A8168A /* KnockKnockViewController.swift */; };
		1B54D4162180022000A8168A /* TabBarViewController.swift in Sources */ = {isa = PBXBuildFile; fileRef = 1B54D4152180022000A8168A /* TabBarViewController.swift */; };
		1B6A8CF3218039EC00B6D7D4 /* DJRevealViewController.swift in Sources */ = {isa = PBXBuildFile; fileRef = 1B6A8CF2218039EC00B6D7D4 /* DJRevealViewController.swift */; };
		1B6A8CF5218095A400B6D7D4 /* DadQuestionViewController.swift in Sources */ = {isa = PBXBuildFile; fileRef = 1B6A8CF4218095A400B6D7D4 /* DadQuestionViewController.swift */; };
		1B6A8CF7218095B400B6D7D4 /* DadAnswerViewController.swift in Sources */ = {isa = PBXBuildFile; fileRef = 1B6A8CF6218095B400B6D7D4 /* DadAnswerViewController.swift */; };
		1B6A8CF92180966100B6D7D4 /* GoodQuestionViewController.swift in Sources */ = {isa = PBXBuildFile; fileRef = 1B6A8CF82180966100B6D7D4 /* GoodQuestionViewController.swift */; };
		1B6A8CFB2180967700B6D7D4 /* GoodAnswerViewController.swift in Sources */ = {isa = PBXBuildFile; fileRef = 1B6A8CFA2180967700B6D7D4 /* GoodAnswerViewController.swift */; };
		1B6A8CFD2181068B00B6D7D4 /* PunQuestionViewController.swift in Sources */ = {isa = PBXBuildFile; fileRef = 1B6A8CFC2181068B00B6D7D4 /* PunQuestionViewController.swift */; };
		1B6A8CFF2181069800B6D7D4 /* PunAnswerViewController.swift in Sources */ = {isa = PBXBuildFile; fileRef = 1B6A8CFE2181069800B6D7D4 /* PunAnswerViewController.swift */; };
		1B6A8D012181171400B6D7D4 /* KnockOneViewController.swift in Sources */ = {isa = PBXBuildFile; fileRef = 1B6A8D002181171400B6D7D4 /* KnockOneViewController.swift */; };
		1B6A8D032181171E00B6D7D4 /* KnockTwoViewController.swift in Sources */ = {isa = PBXBuildFile; fileRef = 1B6A8D022181171E00B6D7D4 /* KnockTwoViewController.swift */; };
		1B6A8D052181172800B6D7D4 /* KnockThreeViewController.swift in Sources */ = {isa = PBXBuildFile; fileRef = 1B6A8D042181172800B6D7D4 /* KnockThreeViewController.swift */; };
/* End PBXBuildFile section */

/* Begin PBXContainerItemProxy section */
		1B54D3B7217FFFC300A8168A /* PBXContainerItemProxy */ = {
			isa = PBXContainerItemProxy;
			containerPortal = 1B54D39A217FFFC100A8168A /* Project object */;
			proxyType = 1;
			remoteGlobalIDString = 1B54D3A1217FFFC100A8168A;
			remoteInfo = ikid;
		};
		1B54D3C2217FFFC300A8168A /* PBXContainerItemProxy */ = {
			isa = PBXContainerItemProxy;
			containerPortal = 1B54D39A217FFFC100A8168A /* Project object */;
			proxyType = 1;
			remoteGlobalIDString = 1B54D3A1217FFFC100A8168A;
			remoteInfo = ikid;
		};
/* End PBXContainerItemProxy section */

/* Begin PBXFileReference section */
		1B54D3A2217FFFC100A8168A /* ikid.app */ = {isa = PBXFileReference; explicitFileType = wrapper.application; includeInIndex = 0; path = ikid.app; sourceTree = BUILT_PRODUCTS_DIR; };
		1B54D3A5217FFFC100A8168A /* AppDelegate.swift */ = {isa = PBXFileReference; lastKnownFileType = sourcecode.swift; path = AppDelegate.swift; sourceTree = "<group>"; };
		1B54D3A7217FFFC100A8168A /* DadJokeViewController.swift */ = {isa = PBXFileReference; lastKnownFileType = sourcecode.swift; path = DadJokeViewController.swift; sourceTree = "<group>"; };
		1B54D3AA217FFFC100A8168A /* Base */ = {isa = PBXFileReference; lastKnownFileType = file.storyboard; name = Base; path = Base.lproj/Main.storyboard; sourceTree = "<group>"; };
		1B54D3AC217FFFC300A8168A /* Assets.xcassets */ = {isa = PBXFileReference; lastKnownFileType = folder.assetcatalog; path = Assets.xcassets; sourceTree = "<group>"; };
		1B54D3AF217FFFC300A8168A /* Base */ = {isa = PBXFileReference; lastKnownFileType = file.storyboard; name = Base; path = Base.lproj/LaunchScreen.storyboard; sourceTree = "<group>"; };
		1B54D3B1217FFFC300A8168A /* Info.plist */ = {isa = PBXFileReference; lastKnownFileType = text.plist.xml; path = Info.plist; sourceTree = "<group>"; };
		1B54D3B6217FFFC300A8168A /* ikidTests.xctest */ = {isa = PBXFileReference; explicitFileType = wrapper.cfbundle; includeInIndex = 0; path = ikidTests.xctest; sourceTree = BUILT_PRODUCTS_DIR; };
		1B54D3BA217FFFC300A8168A /* ikidTests.swift */ = {isa = PBXFileReference; lastKnownFileType = sourcecode.swift; path = ikidTests.swift; sourceTree = "<group>"; };
		1B54D3BC217FFFC300A8168A /* Info.plist */ = {isa = PBXFileReference; lastKnownFileType = text.plist.xml; path = Info.plist; sourceTree = "<group>"; };
		1B54D3C1217FFFC300A8168A /* ikidUITests.xctest */ = {isa = PBXFileReference; explicitFileType = wrapper.cfbundle; includeInIndex = 0; path = ikidUITests.xctest; sourceTree = BUILT_PRODUCTS_DIR; };
		1B54D3C5217FFFC300A8168A /* ikidUITests.swift */ = {isa = PBXFileReference; lastKnownFileType = sourcecode.swift; path = ikidUITests.swift; sourceTree = "<group>"; };
		1B54D3C7217FFFC300A8168A /* Info.plist */ = {isa = PBXFileReference; lastKnownFileType = text.plist.xml; path = Info.plist; sourceTree = "<group>"; };
		1B54D40F2180016900A8168A /* PunJokeViewController.swift */ = {isa = PBXFileReference; lastKnownFileType = sourcecode.swift; path = PunJokeViewController.swift; sourceTree = "<group>"; };
		1B54D4112180017A00A8168A /* GoodJokeViewController.swift */ = {isa = PBXFileReference; lastKnownFileType = sourcecode.swift; path = GoodJokeViewController.swift; sourceTree = "<group>"; };
		1B54D4132180018900A8168A /* KnockKnockViewController.swift */ = {isa = PBXFileReference; lastKnownFileType = sourcecode.swift; path = KnockKnockViewController.swift; sourceTree = "<group>"; };
		1B54D4152180022000A8168A /* TabBarViewController.swift */ = {isa = PBXFileReference; lastKnownFileType = sourcecode.swift; path = TabBarViewController.swift; sourceTree = "<group>"; };
		1B6A8CF2218039EC00B6D7D4 /* DJRevealViewController.swift */ = {isa = PBXFileReference; lastKnownFileType = sourcecode.swift; path = DJRevealViewController.swift; sourceTree = "<group>"; };
		1B6A8CF4218095A400B6D7D4 /* DadQuestionViewController.swift */ = {isa = PBXFileReference; lastKnownFileType = sourcecode.swift; path = DadQuestionViewController.swift; sourceTree = "<group>"; };
		1B6A8CF6218095B400B6D7D4 /* DadAnswerViewController.swift */ = {isa = PBXFileReference; lastKnownFileType = sourcecode.swift; path = DadAnswerViewController.swift; sourceTree = "<group>"; };
		1B6A8CF82180966100B6D7D4 /* GoodQuestionViewController.swift */ = {isa = PBXFileReference; lastKnownFileType = sourcecode.swift; path = GoodQuestionViewController.swift; sourceTree = "<group>"; };
		1B6A8CFA2180967700B6D7D4 /* GoodAnswerViewController.swift */ = {isa = PBXFileReference; lastKnownFileType = sourcecode.swift; path = GoodAnswerViewController.swift; sourceTree = "<group>"; };
		1B6A8CFC2181068B00B6D7D4 /* PunQuestionViewController.swift */ = {isa = PBXFileReference; lastKnownFileType = sourcecode.swift; path = PunQuestionViewController.swift; sourceTree = "<group>"; };
		1B6A8CFE2181069800B6D7D4 /* PunAnswerViewController.swift */ = {isa = PBXFileReference; lastKnownFileType = sourcecode.swift; path = PunAnswerViewController.swift; sourceTree = "<group>"; };
		1B6A8D002181171400B6D7D4 /* KnockOneViewController.swift */ = {isa = PBXFileReference; lastKnownFileType = sourcecode.swift; path = KnockOneViewController.swift; sourceTree = "<group>"; };
		1B6A8D022181171E00B6D7D4 /* KnockTwoViewController.swift */ = {isa = PBXFileReference; lastKnownFileType = sourcecode.swift; path = KnockTwoViewController.swift; sourceTree = "<group>"; };
		1B6A8D042181172800B6D7D4 /* KnockThreeViewController.swift */ = {isa = PBXFileReference; lastKnownFileType = sourcecode.swift; path = KnockThreeViewController.swift; sourceTree = "<group>"; };
/* End PBXFileReference section */

/* Begin PBXFrameworksBuildPhase section */
		1B54D39F217FFFC100A8168A /* Frameworks */ = {
			isa = PBXFrameworksBuildPhase;
			buildActionMask = 2147483647;
			files = (
			);
			runOnlyForDeploymentPostprocessing = 0;
		};
		1B54D3B3217FFFC300A8168A /* Frameworks */ = {
			isa = PBXFrameworksBuildPhase;
			buildActionMask = 2147483647;
			files = (
			);
			runOnlyForDeploymentPostprocessing = 0;
		};
		1B54D3BE217FFFC300A8168A /* Frameworks */ = {
			isa = PBXFrameworksBuildPhase;
			buildActionMask = 2147483647;
			files = (
			);
			runOnlyForDeploymentPostprocessing = 0;
		};
/* End PBXFrameworksBuildPhase section */

/* Begin PBXGroup section */
		1B54D399217FFFC100A8168A = {
			isa = PBXGroup;
			children = (
				1B54D3A4217FFFC100A8168A /* ikid */,
				1B54D3B9217FFFC300A8168A /* ikidTests */,
				1B54D3C4217FFFC300A8168A /* ikidUITests */,
				1B54D3A3217FFFC100A8168A /* Products */,
			);
			sourceTree = "<group>";
		};
		1B54D3A3217FFFC100A8168A /* Products */ = {
			isa = PBXGroup;
			children = (
				1B54D3A2217FFFC100A8168A /* ikid.app */,
				1B54D3B6217FFFC300A8168A /* ikidTests.xctest */,
				1B54D3C1217FFFC300A8168A /* ikidUITests.xctest */,
			);
			name = Products;
			sourceTree = "<group>";
		};
		1B54D3A4217FFFC100A8168A /* ikid */ = {
			isa = PBXGroup;
			children = (
				1B54D3A5217FFFC100A8168A /* AppDelegate.swift */,
				1B54D3A9217FFFC100A8168A /* Main.storyboard */,
				1B54D3AC217FFFC300A8168A /* Assets.xcassets */,
				1B54D3AE217FFFC300A8168A /* LaunchScreen.storyboard */,
				1B54D3B1217FFFC300A8168A /* Info.plist */,
				1B54D4152180022000A8168A /* TabBarViewController.swift */,
				1B54D3A7217FFFC100A8168A /* DadJokeViewController.swift */,
				1B54D40F2180016900A8168A /* PunJokeViewController.swift */,
				1B54D4112180017A00A8168A /* GoodJokeViewController.swift */,
				1B54D4132180018900A8168A /* KnockKnockViewController.swift */,
				1B6A8CF2218039EC00B6D7D4 /* DJRevealViewController.swift */,
				1B6A8CF4218095A400B6D7D4 /* DadQuestionViewController.swift */,
				1B6A8CF6218095B400B6D7D4 /* DadAnswerViewController.swift */,
				1B6A8CF82180966100B6D7D4 /* GoodQuestionViewController.swift */,
				1B6A8CFA2180967700B6D7D4 /* GoodAnswerViewController.swift */,
				1B6A8CFC2181068B00B6D7D4 /* PunQuestionViewController.swift */,
				1B6A8CFE2181069800B6D7D4 /* PunAnswerViewController.swift */,
				1B6A8D002181171400B6D7D4 /* KnockOneViewController.swift */,
				1B6A8D022181171E00B6D7D4 /* KnockTwoViewController.swift */,
				1B6A8D042181172800B6D7D4 /* KnockThreeViewController.swift */,
			);
			path = ikid;
			sourceTree = "<group>";
		};
		1B54D3B9217FFFC300A8168A /* ikidTests */ = {
			isa = PBXGroup;
			children = (
				1B54D3BA217FFFC300A8168A /* ikidTests.swift */,
				1B54D3BC217FFFC300A8168A /* Info.plist */,
			);
			path = ikidTests;
			sourceTree = "<group>";
		};
		1B54D3C4217FFFC300A8168A /* ikidUITests */ = {
			isa = PBXGroup;
			children = (
				1B54D3C5217FFFC300A8168A /* ikidUITests.swift */,
				1B54D3C7217FFFC300A8168A /* Info.plist */,
			);
			path = ikidUITests;
			sourceTree = "<group>";
		};
/* End PBXGroup section */

/* Begin PBXNativeTarget section */
		1B54D3A1217FFFC100A8168A /* ikid */ = {
			isa = PBXNativeTarget;
			buildConfigurationList = 1B54D3CA217FFFC300A8168A /* Build configuration list for PBXNativeTarget "ikid" */;
			buildPhases = (
				1B54D39E217FFFC100A8168A /* Sources */,
				1B54D39F217FFFC100A8168A /* Frameworks */,
				1B54D3A0217FFFC100A8168A /* Resources */,
			);
			buildRules = (
			);
			dependencies = (
			);
			name = ikid;
			productName = ikid;
			productReference = 1B54D3A2217FFFC100A8168A /* ikid.app */;
			productType = "com.apple.product-type.application";
		};
		1B54D3B5217FFFC300A8168A /* ikidTests */ = {
			isa = PBXNativeTarget;
			buildConfigurationList = 1B54D3CD217FFFC300A8168A /* Build configuration list for PBXNativeTarget "ikidTests" */;
			buildPhases = (
				1B54D3B2217FFFC300A8168A /* Sources */,
				1B54D3B3217FFFC300A8168A /* Frameworks */,
				1B54D3B4217FFFC300A8168A /* Resources */,
			);
			buildRules = (
			);
			dependencies = (
				1B54D3B8217FFFC300A8168A /* PBXTargetDependency */,
			);
			name = ikidTests;
			productName = ikidTests;
			productReference = 1B54D3B6217FFFC300A8168A /* ikidTests.xctest */;
			productType = "com.apple.product-type.bundle.unit-test";
		};
		1B54D3C0217FFFC300A8168A /* ikidUITests */ = {
			isa = PBXNativeTarget;
			buildConfigurationList = 1B54D3D0217FFFC300A8168A /* Build configuration list for PBXNativeTarget "ikidUITests" */;
			buildPhases = (
				1B54D3BD217FFFC300A8168A /* Sources */,
				1B54D3BE217FFFC300A8168A /* Frameworks */,
				1B54D3BF217FFFC300A8168A /* Resources */,
			);
			buildRules = (
			);
			dependencies = (
				1B54D3C3217FFFC300A8168A /* PBXTargetDependency */,
			);
			name = ikidUITests;
			productName = ikidUITests;
			productReference = 1B54D3C1217FFFC300A8168A /* ikidUITests.xctest */;
			productType = "com.apple.product-type.bundle.ui-testing";
		};
/* End PBXNativeTarget section */

/* Begin PBXProject section */
		1B54D39A217FFFC100A8168A /* Project object */ = {
			isa = PBXProject;
			attributes = {
				LastSwiftUpdateCheck = 1000;
				LastUpgradeCheck = 1000;
				ORGANIZATIONNAME = rayjaelee;
				TargetAttributes = {
					1B54D3A1217FFFC100A8168A = {
						CreatedOnToolsVersion = 10.0;
					};
					1B54D3B5217FFFC300A8168A = {
						CreatedOnToolsVersion = 10.0;
						TestTargetID = 1B54D3A1217FFFC100A8168A;
					};
					1B54D3C0217FFFC300A8168A = {
						CreatedOnToolsVersion = 10.0;
						TestTargetID = 1B54D3A1217FFFC100A8168A;
					};
				};
			};
			buildConfigurationList = 1B54D39D217FFFC100A8168A /* Build configuration list for PBXProject "ikid" */;
			compatibilityVersion = "Xcode 9.3";
			developmentRegion = en;
			hasScannedForEncodings = 0;
			knownRegions = (
				en,
				Base,
			);
			mainGroup = 1B54D399217FFFC100A8168A;
			productRefGroup = 1B54D3A3217FFFC100A8168A /* Products */;
			projectDirPath = "";
			projectRoot = "";
			targets = (
				1B54D3A1217FFFC100A8168A /* ikid */,
				1B54D3B5217FFFC300A8168A /* ikidTests */,
				1B54D3C0217FFFC300A8168A /* ikidUITests */,
			);
		};
/* End PBXProject section */

/* Begin PBXResourcesBuildPhase section */
		1B54D3A0217FFFC100A8168A /* Resources */ = {
			isa = PBXResourcesBuildPhase;
			buildActionMask = 2147483647;
			files = (
				1B54D3B0217FFFC300A8168A /* LaunchScreen.storyboard in Resources */,
				1B54D3AD217FFFC300A8168A /* Assets.xcassets in Resources */,
				1B54D3AB217FFFC100A8168A /* Main.storyboard in Resources */,
			);
			runOnlyForDeploymentPostprocessing = 0;
		};
		1B54D3B4217FFFC300A8168A /* Resources */ = {
			isa = PBXResourcesBuildPhase;
			buildActionMask = 2147483647;
			files = (
			);
			runOnlyForDeploymentPostprocessing = 0;
		};
		1B54D3BF217FFFC300A8168A /* Resources */ = {
			isa = PBXResourcesBuildPhase;
			buildActionMask = 2147483647;
			files = (
			);
			runOnlyForDeploymentPostprocessing = 0;
		};
/* End PBXResourcesBuildPhase section */

/* Begin PBXSourcesBuildPhase section */
		1B54D39E217FFFC100A8168A /* Sources */ = {
			isa = PBXSourcesBuildPhase;
			buildActionMask = 2147483647;
			files = (
				1B6A8D032181171E00B6D7D4 /* KnockTwoViewController.swift in Sources */,
				1B54D4122180017A00A8168A /* GoodJokeViewController.swift in Sources */,
				1B6A8CF3218039EC00B6D7D4 /* DJRevealViewController.swift in Sources */,
				1B6A8D012181171400B6D7D4 /* KnockOneViewController.swift in Sources */,
				1B6A8CF92180966100B6D7D4 /* GoodQuestionViewController.swift in Sources */,
				1B6A8CF5218095A400B6D7D4 /* DadQuestionViewController.swift in Sources */,
				1B6A8D052181172800B6D7D4 /* KnockThreeViewController.swift in Sources */,
				1B54D3A8217FFFC100A8168A /* DadJokeViewController.swift in Sources */,
				1B6A8CFB2180967700B6D7D4 /* GoodAnswerViewController.swift in Sources */,
				1B54D4102180016900A8168A /* PunJokeViewController.swift in Sources */,
				1B54D4142180018900A8168A /* KnockKnockViewController.swift in Sources */,
				1B6A8CFD2181068B00B6D7D4 /* PunQuestionViewController.swift in Sources */,
				1B6A8CF7218095B400B6D7D4 /* DadAnswerViewController.swift in Sources */,
				1B54D4162180022000A8168A /* TabBarViewController.swift in Sources */,
				1B6A8CFF2181069800B6D7D4 /* PunAnswerViewController.swift in Sources */,
				1B54D3A6217FFFC100A8168A /* AppDelegate.swift in Sources */,
			);
			runOnlyForDeploymentPostprocessing = 0;
		};
		1B54D3B2217FFFC300A8168A /* Sources */ = {
			isa = PBXSourcesBuildPhase;
			buildActionMask = 2147483647;
			files = (
				1B54D3BB217FFFC300A8168A /* ikidTests.swift in Sources */,
			);
			runOnlyForDeploymentPostprocessing = 0;
		};
		1B54D3BD217FFFC300A8168A /* Sources */ = {
			isa = PBXSourcesBuildPhase;
			buildActionMask = 2147483647;
			files = (
				1B54D3C6217FFFC300A8168A /* ikidUITests.swift in Sources */,
			);
			runOnlyForDeploymentPostprocessing = 0;
		};
/* End PBXSourcesBuildPhase section */

/* Begin PBXTargetDependency section */
		1B54D3B8217FFFC300A8168A /* PBXTargetDependency */ = {
			isa = PBXTargetDependency;
			target = 1B54D3A1217FFFC100A8168A /* ikid */;
			targetProxy = 1B54D3B7217FFFC300A8168A /* PBXContainerItemProxy */;
		};
		1B54D3C3217FFFC300A8168A /* PBXTargetDependency */ = {
			isa = PBXTargetDependency;
			target = 1B54D3A1217FFFC100A8168A /* ikid */;
			targetProxy = 1B54D3C2217FFFC300A8168A /* PBXContainerItemProxy */;
		};
/* End PBXTargetDependency section */

/* Begin PBXVariantGroup section */
		1B54D3A9217FFFC100A8168A /* Main.storyboard */ = {
			isa = PBXVariantGroup;
			children = (
				1B54D3AA217FFFC100A8168A /* Base */,
			);
			name = Main.storyboard;
			sourceTree = "<group>";
		};
		1B54D3AE217FFFC300A8168A /* LaunchScreen.storyboard */ = {
			isa = PBXVariantGroup;
			children = (
				1B54D3AF217FFFC300A8168A /* Base */,
			);
			name = LaunchScreen.storyboard;
			sourceTree = "<group>";
		};
/* End PBXVariantGroup section */

/* Begin XCBuildConfiguration section */
		1B54D3C8217FFFC300A8168A /* Debug */ = {
			isa = XCBuildConfiguration;
			buildSettings = {
				ALWAYS_SEARCH_USER_PATHS = NO;
				CLANG_ANALYZER_NONNULL = YES;
				CLANG_ANALYZER_NUMBER_OBJECT_CONVERSION = YES_AGGRESSIVE;
				CLANG_CXX_LANGUAGE_STANDARD = "gnu++14";
				CLANG_CXX_LIBRARY = "libc++";
				CLANG_ENABLE_MODULES = YES;
				CLANG_ENABLE_OBJC_ARC = YES;
				CLANG_ENABLE_OBJC_WEAK = YES;
				CLANG_WARN_BLOCK_CAPTURE_AUTORELEASING = YES;
				CLANG_WARN_BOOL_CONVERSION = YES;
				CLANG_WARN_COMMA = YES;
				CLANG_WARN_CONSTANT_CONVERSION = YES;
				CLANG_WARN_DEPRECATED_OBJC_IMPLEMENTATIONS = YES;
				CLANG_WARN_DIRECT_OBJC_ISA_USAGE = YES_ERROR;
				CLANG_WARN_DOCUMENTATION_COMMENTS = YES;
				CLANG_WARN_EMPTY_BODY = YES;
				CLANG_WARN_ENUM_CONVERSION = YES;
				CLANG_WARN_INFINITE_RECURSION = YES;
				CLANG_WARN_INT_CONVERSION = YES;
				CLANG_WARN_NON_LITERAL_NULL_CONVERSION = YES;
				CLANG_WARN_OBJC_IMPLICIT_RETAIN_SELF = YES;
				CLANG_WARN_OBJC_LITERAL_CONVERSION = YES;
				CLANG_WARN_OBJC_ROOT_CLASS = YES_ERROR;
				CLANG_WARN_RANGE_LOOP_ANALYSIS = YES;
				CLANG_WARN_STRICT_PROTOTYPES = YES;
				CLANG_WARN_SUSPICIOUS_MOVE = YES;
				CLANG_WARN_UNGUARDED_AVAILABILITY = YES_AGGRESSIVE;
				CLANG_WARN_UNREACHABLE_CODE = YES;
				CLANG_WARN__DUPLICATE_METHOD_MATCH = YES;
				CODE_SIGN_IDENTITY = "iPhone Developer";
				COPY_PHASE_STRIP = NO;
				DEBUG_INFORMATION_FORMAT = dwarf;
				ENABLE_STRICT_OBJC_MSGSEND = YES;
				ENABLE_TESTABILITY = YES;
				GCC_C_LANGUAGE_STANDARD = gnu11;
				GCC_DYNAMIC_NO_PIC = NO;
				GCC_NO_COMMON_BLOCKS = YES;
				GCC_OPTIMIZATION_LEVEL = 0;
				GCC_PREPROCESSOR_DEFINITIONS = (
					"DEBUG=1",
					"$(inherited)",
				);
				GCC_WARN_64_TO_32_BIT_CONVERSION = YES;
				GCC_WARN_ABOUT_RETURN_TYPE = YES_ERROR;
				GCC_WARN_UNDECLARED_SELECTOR = YES;
				GCC_WARN_UNINITIALIZED_AUTOS = YES_AGGRESSIVE;
				GCC_WARN_UNUSED_FUNCTION = YES;
				GCC_WARN_UNUSED_VARIABLE = YES;
				IPHONEOS_DEPLOYMENT_TARGET = 12.0;
				MTL_ENABLE_DEBUG_INFO = INCLUDE_SOURCE;
				MTL_FAST_MATH = YES;
				ONLY_ACTIVE_ARCH = YES;
				SDKROOT = iphoneos;
				SWIFT_ACTIVE_COMPILATION_CONDITIONS = DEBUG;
				SWIFT_OPTIMIZATION_LEVEL = "-Onone";
			};
			name = Debug;
		};
		1B54D3C9217FFFC300A8168A /* Release */ = {
			isa = XCBuildConfiguration;
			buildSettings = {
				ALWAYS_SEARCH_USER_PATHS = NO;
				CLANG_ANALYZER_NONNULL = YES;
				CLANG_ANALYZER_NUMBER_OBJECT_CONVERSION = YES_AGGRESSIVE;
				CLANG_CXX_LANGUAGE_STANDARD = "gnu++14";
				CLANG_CXX_LIBRARY = "libc++";
				CLANG_ENABLE_MODULES = YES;
				CLANG_ENABLE_OBJC_ARC = YES;
				CLANG_ENABLE_OBJC_WEAK = YES;
				CLANG_WARN_BLOCK_CAPTURE_AUTORELEASING = YES;
				CLANG_WARN_BOOL_CONVERSION = YES;
				CLANG_WARN_COMMA = YES;
				CLANG_WARN_CONSTANT_CONVERSION = YES;
				CLANG_WARN_DEPRECATED_OBJC_IMPLEMENTATIONS = YES;
				CLANG_WARN_DIRECT_OBJC_ISA_USAGE = YES_ERROR;
				CLANG_WARN_DOCUMENTATION_COMMENTS = YES;
				CLANG_WARN_EMPTY_BODY = YES;
				CLANG_WARN_ENUM_CONVERSION = YES;
				CLANG_WARN_INFINITE_RECURSION = YES;
				CLANG_WARN_INT_CONVERSION = YES;
				CLANG_WARN_NON_LITERAL_NULL_CONVERSION = YES;
				CLANG_WARN_OBJC_IMPLICIT_RETAIN_SELF = YES;
				CLANG_WARN_OBJC_LITERAL_CONVERSION = YES;
				CLANG_WARN_OBJC_ROOT_CLASS = YES_ERROR;
				CLANG_WARN_RANGE_LOOP_ANALYSIS = YES;
				CLANG_WARN_STRICT_PROTOTYPES = YES;
				CLANG_WARN_SUSPICIOUS_MOVE = YES;
				CLANG_WARN_UNGUARDED_AVAILABILITY = YES_AGGRESSIVE;
				CLANG_WARN_UNREACHABLE_CODE = YES;
				CLANG_WARN__DUPLICATE_METHOD_MATCH = YES;
				CODE_SIGN_IDENTITY = "iPhone Developer";
				COPY_PHASE_STRIP = NO;
				DEBUG_INFORMATION_FORMAT = "dwarf-with-dsym";
				ENABLE_NS_ASSERTIONS = NO;
				ENABLE_STRICT_OBJC_MSGSEND = YES;
				GCC_C_LANGUAGE_STANDARD = gnu11;
				GCC_NO_COMMON_BLOCKS = YES;
				GCC_WARN_64_TO_32_BIT_CONVERSION = YES;
				GCC_WARN_ABOUT_RETURN_TYPE = YES_ERROR;
				GCC_WARN_UNDECLARED_SELECTOR = YES;
				GCC_WARN_UNINITIALIZED_AUTOS = YES_AGGRESSIVE;
				GCC_WARN_UNUSED_FUNCTION = YES;
				GCC_WARN_UNUSED_VARIABLE = YES;
				IPHONEOS_DEPLOYMENT_TARGET = 12.0;
				MTL_ENABLE_DEBUG_INFO = NO;
				MTL_FAST_MATH = YES;
				SDKROOT = iphoneos;
				SWIFT_COMPILATION_MODE = wholemodule;
				SWIFT_OPTIMIZATION_LEVEL = "-O";
				VALIDATE_PRODUCT = YES;
			};
			name = Release;
		};
		1B54D3CB217FFFC300A8168A /* Debug */ = {
			isa = XCBuildConfiguration;
			buildSettings = {
				ASSETCATALOG_COMPILER_APPICON_NAME = AppIcon;
				CODE_SIGN_STYLE = Automatic;
				DEVELOPMENT_TEAM = 92SQVQT846;
				INFOPLIST_FILE = ikid/Info.plist;
				LD_RUNPATH_SEARCH_PATHS = (
					"$(inherited)",
					"@executable_path/Frameworks",
				);
				PRODUCT_BUNDLE_IDENTIFIER = edu.uw.rayjaelee.ikid;
				PRODUCT_NAME = "$(TARGET_NAME)";
				SWIFT_VERSION = 4.2;
				TARGETED_DEVICE_FAMILY = "1,2";
			};
			name = Debug;
		};
		1B54D3CC217FFFC300A8168A /* Release */ = {
			isa = XCBuildConfiguration;
			buildSettings = {
				ASSETCATALOG_COMPILER_APPICON_NAME = AppIcon;
				CODE_SIGN_STYLE = Automatic;
				DEVELOPMENT_TEAM = 92SQVQT846;
				INFOPLIST_FILE = ikid/Info.plist;
				LD_RUNPATH_SEARCH_PATHS = (
					"$(inherited)",
					"@executable_path/Frameworks",
				);
				PRODUCT_BUNDLE_IDENTIFIER = edu.uw.rayjaelee.ikid;
				PRODUCT_NAME = "$(TARGET_NAME)";
				SWIFT_VERSION = 4.2;
				TARGETED_DEVICE_FAMILY = "1,2";
			};
			name = Release;
		};
		1B54D3CE217FFFC300A8168A /* Debug */ = {
			isa = XCBuildConfiguration;
			buildSettings = {
				ALWAYS_EMBED_SWIFT_STANDARD_LIBRARIES = YES;
				BUNDLE_LOADER = "$(TEST_HOST)";
				CODE_SIGN_STYLE = Automatic;
				DEVELOPMENT_TEAM = 92SQVQT846;
				INFOPLIST_FILE = ikidTests/Info.plist;
				LD_RUNPATH_SEARCH_PATHS = (
					"$(inherited)",
					"@executable_path/Frameworks",
					"@loader_path/Frameworks",
				);
				PRODUCT_BUNDLE_IDENTIFIER = edu.uw.rayjaelee.ikidTests;
				PRODUCT_NAME = "$(TARGET_NAME)";
				SWIFT_VERSION = 4.2;
				TARGETED_DEVICE_FAMILY = "1,2";
				TEST_HOST = "$(BUILT_PRODUCTS_DIR)/ikid.app/ikid";
			};
			name = Debug;
		};
		1B54D3CF217FFFC300A8168A /* Release */ = {
			isa = XCBuildConfiguration;
			buildSettings = {
				ALWAYS_EMBED_SWIFT_STANDARD_LIBRARIES = YES;
				BUNDLE_LOADER = "$(TEST_HOST)";
				CODE_SIGN_STYLE = Automatic;
				DEVELOPMENT_TEAM = 92SQVQT846;
				INFOPLIST_FILE = ikidTests/Info.plist;
				LD_RUNPATH_SEARCH_PATHS = (
					"$(inherited)",
					"@executable_path/Frameworks",
					"@loader_path/Frameworks",
				);
				PRODUCT_BUNDLE_IDENTIFIER = edu.uw.rayjaelee.ikidTests;
				PRODUCT_NAME = "$(TARGET_NAME)";
				SWIFT_VERSION = 4.2;
				TARGETED_DEVICE_FAMILY = "1,2";
				TEST_HOST = "$(BUILT_PRODUCTS_DIR)/ikid.app/ikid";
			};
			name = Release;
		};
		1B54D3D1217FFFC300A8168A /* Debug */ = {
			isa = XCBuildConfiguration;
			buildSettings = {
				ALWAYS_EMBED_SWIFT_STANDARD_LIBRARIES = YES;
				CODE_SIGN_STYLE = Automatic;
				DEVELOPMENT_TEAM = 92SQVQT846;
				INFOPLIST_FILE = ikidUITests/Info.plist;
				LD_RUNPATH_SEARCH_PATHS = (
					"$(inherited)",
					"@executable_path/Frameworks",
					"@loader_path/Frameworks",
				);
				PRODUCT_BUNDLE_IDENTIFIER = edu.uw.rayjaelee.ikidUITests;
				PRODUCT_NAME = "$(TARGET_NAME)";
				SWIFT_VERSION = 4.2;
				TARGETED_DEVICE_FAMILY = "1,2";
				TEST_TARGET_NAME = ikid;
			};
			name = Debug;
		};
		1B54D3D2217FFFC300A8168A /* Release */ = {
			isa = XCBuildConfiguration;
			buildSettings = {
				ALWAYS_EMBED_SWIFT_STANDARD_LIBRARIES = YES;
				CODE_SIGN_STYLE = Automatic;
				DEVELOPMENT_TEAM = 92SQVQT846;
				INFOPLIST_FILE = ikidUITests/Info.plist;
				LD_RUNPATH_SEARCH_PATHS = (
					"$(inherited)",
					"@executable_path/Frameworks",
					"@loader_path/Frameworks",
				);
				PRODUCT_BUNDLE_IDENTIFIER = edu.uw.rayjaelee.ikidUITests;
				PRODUCT_NAME = "$(TARGET_NAME)";
				SWIFT_VERSION = 4.2;
				TARGETED_DEVICE_FAMILY = "1,2";
				TEST_TARGET_NAME = ikid;
			};
			name = Release;
		};
/* End XCBuildConfiguration section */

/* Begin XCConfigurationList section */
		1B54D39D217FFFC100A8168A /* Build configuration list for PBXProject "ikid" */ = {
			isa = XCConfigurationList;
			buildConfigurations = (
				1B54D3C8217FFFC300A8168A /* Debug */,
				1B54D3C9217FFFC300A8168A /* Release */,
			);
			defaultConfigurationIsVisible = 0;
			defaultConfigurationName = Release;
		};
		1B54D3CA217FFFC300A8168A /* Build configuration list for PBXNativeTarget "ikid" */ = {
			isa = XCConfigurationList;
			buildConfigurations = (
				1B54D3CB217FFFC300A8168A /* Debug */,
				1B54D3CC217FFFC300A8168A /* Release */,
			);
			defaultConfigurationIsVisible = 0;
			defaultConfigurationName = Release;
		};
		1B54D3CD217FFFC300A8168A /* Build configuration list for PBXNativeTarget "ikidTests" */ = {
			isa = XCConfigurationList;
			buildConfigurations = (
				1B54D3CE217FFFC300A8168A /* Debug */,
				1B54D3CF217FFFC300A8168A /* Release */,
			);
			defaultConfigurationIsVisible = 0;
			defaultConfigurationName = Release;
		};
		1B54D3D0217FFFC300A8168A /* Build configuration list for PBXNativeTarget "ikidUITests" */ = {
			isa = XCConfigurationList;
			buildConfigurations = (
				1B54D3D1217FFFC300A8168A /* Debug */,
				1B54D3D2217FFFC300A8168A /* Release */,
			);
			defaultConfigurationIsVisible = 0;
			defaultConfigurationName = Release;
		};
/* End XCConfigurationList section */
	};
	rootObject = 1B54D39A217FFFC100A8168A /* Project object */;
}
